
Microsoft Visual Studio Solution File, Format Version 12.00
Project("{FAE04EC0-301F-11D3-BF4B-00C04F79EFBC}") = "additional-practice", "additional-practice\additional-practice.csproj", "{901FBF2F-F1D4-4745-87E8-B6F7500065F6}"
EndProject
Global
	GlobalSection(SolutionConfigurationPlatforms) = preSolution
		Debug|Any CPU = Debug|Any CPU
		Release|Any CPU = Release|Any CPU
	EndGlobalSection
	GlobalSection(ProjectConfigurationPlatforms) = postSolution
		{901FBF2F-F1D4-4745-87E8-B6F7500065F6}.Debug|Any CPU.ActiveCfg = Debug|Any CPU
		{901FBF2F-F1D4-4745-87E8-B6F7500065F6}.Debug|Any CPU.Build.0 = Debug|Any CPU
		{901FBF2F-F1D4-4745-87E8-B6F7500065F6}.Release|Any CPU.ActiveCfg = Release|Any CPU
		{901FBF2F-F1D4-4745-87E8-B6F7500065F6}.Release|Any CPU.Build.0 = Release|Any CPU
	EndGlobalSection
EndGlobal
